
Microsoft Visual Studio Solution File, Format Version 12.00
# Visual Studio Version 17
VisualStudioVersion = 17.1.32228.430
MinimumVisualStudioVersion = 10.0.40219.1
Project("{2150E333-8FDC-42A3-9474-1A3956D46DE8}") = "APIS", "APIS", "{F1AF5A55-AB82-4DD6-985D-9D7296D3F623}"
EndProject
Project("{2150E333-8FDC-42A3-9474-1A3956D46DE8}") = "INFRASTRUCTURE", "INFRASTRUCTURE", "{363756DC-94AF-4BE2-AABE-48BB52976204}"
EndProject
Project("{2150E333-8FDC-42A3-9474-1A3956D46DE8}") = "API BUYREQUEST", "API BUYREQUEST", "{7D24FD58-4042-4AF0-8613-BEE776A1526B}"
EndProject
Project("{2150E333-8FDC-42A3-9474-1A3956D46DE8}") = "API CASHBOOK", "API CASHBOOK", "{D6859790-5ECE-4A49-96F5-799B279E5216}"
EndProject
Project("{2150E333-8FDC-42A3-9474-1A3956D46DE8}") = "API DOCUMENT", "API DOCUMENT", "{7C368420-72C1-4B92-B0BA-DF141D950900}"
EndProject
Project("{2150E333-8FDC-42A3-9474-1A3956D46DE8}") = "1-BR_API", "1-BR_API", "{22DBE52E-D3FD-462C-965A-B75874387EEF}"
EndProject
Project("{2150E333-8FDC-42A3-9474-1A3956D46DE8}") = "2-BR_APPLICATION", "2-BR_APPLICATION", "{EA45B280-7108-4B17-8A2D-86235CFDA524}"
EndProject
Project("{2150E333-8FDC-42A3-9474-1A3956D46DE8}") = "1-CB_API", "1-CB_API", "{607B8A51-71BA-4D2F-9D16-06EADE854F5B}"
EndProject
Project("{2150E333-8FDC-42A3-9474-1A3956D46DE8}") = "2-CB_APPLICATION", "2-CB_APPLICATION", "{A08FE274-FAAB-4C98-942F-342F1F432D5C}"
EndProject
Project("{2150E333-8FDC-42A3-9474-1A3956D46DE8}") = "1-D_API", "1-D_API", "{D51BD029-D1D9-43A4-9FE7-D46094D35125}"
EndProject
Project("{2150E333-8FDC-42A3-9474-1A3956D46DE8}") = "2-D_APPLICATION", "2-D_APPLICATION", "{C13A3A43-F6AC-4B05-975D-032590BD9289}"
EndProject
Project("{9A19103F-16F7-4668-BE54-9A1E7A4F7556}") = "Infrastructure", "Infrastructure\Infrastructure.csproj", "{7A77C0C0-0EF7-46DC-8E89-F49F1DFC4147}"
EndProject
Project("{9A19103F-16F7-4668-BE54-9A1E7A4F7556}") = "BuyRequest_Api", "BuyRequest_Api\BuyRequest_Api.csproj", "{D9BC945A-B17D-4BB7-9EC3-2464D1093239}"
EndProject
Project("{9A19103F-16F7-4668-BE54-9A1E7A4F7556}") = "BuyRequest_Application", "BuyRequest_Application\BuyRequest_Application.csproj", "{38A9A849-AA1F-4694-8074-ED28913CB27A}"
EndProject
Project("{9A19103F-16F7-4668-BE54-9A1E7A4F7556}") = "CashBook_Api", "CashBook_Api\CashBook_Api.csproj", "{574F397B-5AA7-4A91-8D32-216BE9D44DC1}"
EndProject
Project("{9A19103F-16F7-4668-BE54-9A1E7A4F7556}") = "CashBook_Application", "CashBook_Application\CashBook_Application.csproj", "{ED1C4788-C52F-476A-944A-912B56827E62}"
EndProject
Project("{9A19103F-16F7-4668-BE54-9A1E7A4F7556}") = "Document_Api", "Document_Api\Document_Api.csproj", "{E2FCAEC1-7C9C-4806-8BD9-3656E4C3B920}"
EndProject
Project("{9A19103F-16F7-4668-BE54-9A1E7A4F7556}") = "Document_Application", "Document_Application\Document_Application.csproj", "{9EA5587D-F4CA-442B-9292-25419D9E1E35}"
EndProject
Project("{9A19103F-16F7-4668-BE54-9A1E7A4F7556}") = "BuyRequestDomain", "BuyRequest.Domain\BuyRequestDomain.csproj", "{925387E8-5905-4679-9A93-B1309F09F5B9}"
EndProject
Project("{9A19103F-16F7-4668-BE54-9A1E7A4F7556}") = "CashBookDomain", "CashBook.Domain\CashBookDomain.csproj", "{DE852F84-2796-4D71-88F2-3F50F19CFE1D}"
EndProject
Project("{9A19103F-16F7-4668-BE54-9A1E7A4F7556}") = "DocumentDomain", "Document.Domain\DocumentDomain.csproj", "{FB2247E2-9E0B-4123-8DEE-CFBA06EBB5A6}"
EndProject
Project("{9A19103F-16F7-4668-BE54-9A1E7A4F7556}") = "CashBook_API_Client", "CashBook_API_Client\CashBook_API_Client.csproj", "{21D05139-1FF5-4F03-8F15-50E75F2DB306}"
EndProject
Project("{2150E333-8FDC-42A3-9474-1A3956D46DE8}") = "API PRODUCT", "API PRODUCT", "{2B5E90D6-7CF7-4A0E-87EA-415726FEB7AA}"
EndProject
Project("{9A19103F-16F7-4668-BE54-9A1E7A4F7556}") = "ProductAPI", "ProductAPI\ProductAPI.csproj", "{4EDF1D8C-3E5D-4BDD-BDB5-4DEAECDA85E8}"
EndProject
Project("{E53339B2-1760-4266-BCC7-CA923CBCF16C}") = "docker-compose", "docker-compose.dcproj", "{FCA93846-A3B0-4E2B-94EB-95592557AA51}"
EndProject
Project("{2150E333-8FDC-42A3-9474-1A3956D46DE8}") = "UNIT_TESTS", "UNIT_TESTS", "{3219E7C3-B0D8-45AA-A578-0D9AC0B13596}"
EndProject
Project("{2150E333-8FDC-42A3-9474-1A3956D46DE8}") = "UNIT_TESTS", "UNIT_TESTS", "{F815437E-14B0-44F1-94D1-6BBCC85CEA03}"
EndProject
Project("{2150E333-8FDC-42A3-9474-1A3956D46DE8}") = "UNIT_TESTS", "UNIT_TESTS", "{344E6685-F3B3-4E36-B7A8-EC7008CFDEC8}"
EndProject
Project("{2150E333-8FDC-42A3-9474-1A3956D46DE8}") = "UNIT_TESTS", "UNIT_TESTS", "{BD7819D0-4040-4CB2-8AFE-32C54961CB83}"
EndProject
Project("{2150E333-8FDC-42A3-9474-1A3956D46DE8}") = "RABBITMQ_TESTS", "RABBITMQ_TESTS", "{1137C1AA-8EB8-4EDE-BF8B-D0C0DAD673C5}"
EndProject
Project("{9A19103F-16F7-4668-BE54-9A1E7A4F7556}") = "CashBookData", "CashBookData\CashBookData.csproj", "{2B728EDA-66DB-47B4-9C76-E6D86175D2B6}"
EndProject
Project("{9A19103F-16F7-4668-BE54-9A1E7A4F7556}") = "BuyRequestData", "BuyRequestData\BuyRequestData.csproj", "{E54FC751-4FB9-4CB1-8A2D-209623A2FAAF}"
EndProject
Project("{9A19103F-16F7-4668-BE54-9A1E7A4F7556}") = "DocumentData", "DocumentData\DocumentData.csproj", "{4875703E-3C0F-4D4C-A0E6-F79717078746}"
EndProject
Project("{9A19103F-16F7-4668-BE54-9A1E7A4F7556}") = "RabbitMQProducer", "Producer\RabbitMQProducer.csproj", "{D4392F70-D6CB-4766-B9CF-CD6C4066AA54}"
EndProject
Project("{9A19103F-16F7-4668-BE54-9A1E7A4F7556}") = "RabbitMQConsumer", "Consumer\RabbitMQConsumer.csproj", "{35927861-A08F-4437-AE03-9414979F0D96}"
EndProject
Project("{9A19103F-16F7-4668-BE54-9A1E7A4F7556}") = "DocumentUnitTests", "DocumentUnitTests\DocumentUnitTests.csproj", "{86DC689B-3604-4CC3-A25D-EA2527E95896}"
EndProject
Project("{9A19103F-16F7-4668-BE54-9A1E7A4F7556}") = "TestsRabbitMQ", "TestsRabbitMQ\TestsRabbitMQ.csproj", "{7B875B09-CDCD-4865-95DA-9EFBF5BEE02D}"
EndProject
Project("{9A19103F-16F7-4668-BE54-9A1E7A4F7556}") = "ProductTests", "ProductTests\ProductTests.csproj", "{5FAF836B-ADAF-444E-807F-2111AD8E3A14}"
EndProject
Project("{9A19103F-16F7-4668-BE54-9A1E7A4F7556}") = "CashBookUnitTests", "CashBookUnitTests\CashBookUnitTests.csproj", "{BB72CCA6-D050-4292-BCF4-E9F28F13548A}"
EndProject
Project("{9A19103F-16F7-4668-BE54-9A1E7A4F7556}") = "BuyRequestTest", "BuyRequestTest\BuyRequestTest.csproj", "{A0F837AD-56EB-4A8A-87C5-41655FE1ADCE}"
EndProject
Global
	GlobalSection(SolutionConfigurationPlatforms) = preSolution
		Debug|Any CPU = Debug|Any CPU
		Release|Any CPU = Release|Any CPU
	EndGlobalSection
	GlobalSection(ProjectConfigurationPlatforms) = postSolution
		{7A77C0C0-0EF7-46DC-8E89-F49F1DFC4147}.Debug|Any CPU.ActiveCfg = Debug|Any CPU
		{7A77C0C0-0EF7-46DC-8E89-F49F1DFC4147}.Debug|Any CPU.Build.0 = Debug|Any CPU
		{7A77C0C0-0EF7-46DC-8E89-F49F1DFC4147}.Release|Any CPU.ActiveCfg = Release|Any CPU
		{7A77C0C0-0EF7-46DC-8E89-F49F1DFC4147}.Release|Any CPU.Build.0 = Release|Any CPU
		{D9BC945A-B17D-4BB7-9EC3-2464D1093239}.Debug|Any CPU.ActiveCfg = Debug|Any CPU
		{D9BC945A-B17D-4BB7-9EC3-2464D1093239}.Debug|Any CPU.Build.0 = Debug|Any CPU
		{D9BC945A-B17D-4BB7-9EC3-2464D1093239}.Release|Any CPU.ActiveCfg = Release|Any CPU
		{D9BC945A-B17D-4BB7-9EC3-2464D1093239}.Release|Any CPU.Build.0 = Release|Any CPU
		{38A9A849-AA1F-4694-8074-ED28913CB27A}.Debug|Any CPU.ActiveCfg = Debug|Any CPU
		{38A9A849-AA1F-4694-8074-ED28913CB27A}.Debug|Any CPU.Build.0 = Debug|Any CPU
		{38A9A849-AA1F-4694-8074-ED28913CB27A}.Release|Any CPU.ActiveCfg = Release|Any CPU
		{38A9A849-AA1F-4694-8074-ED28913CB27A}.Release|Any CPU.Build.0 = Release|Any CPU
		{574F397B-5AA7-4A91-8D32-216BE9D44DC1}.Debug|Any CPU.ActiveCfg = Debug|Any CPU
		{574F397B-5AA7-4A91-8D32-216BE9D44DC1}.Debug|Any CPU.Build.0 = Debug|Any CPU
		{574F397B-5AA7-4A91-8D32-216BE9D44DC1}.Release|Any CPU.ActiveCfg = Release|Any CPU
		{574F397B-5AA7-4A91-8D32-216BE9D44DC1}.Release|Any CPU.Build.0 = Release|Any CPU
		{ED1C4788-C52F-476A-944A-912B56827E62}.Debug|Any CPU.ActiveCfg = Debug|Any CPU
		{ED1C4788-C52F-476A-944A-912B56827E62}.Debug|Any CPU.Build.0 = Debug|Any CPU
		{ED1C4788-C52F-476A-944A-912B56827E62}.Release|Any CPU.ActiveCfg = Release|Any CPU
		{ED1C4788-C52F-476A-944A-912B56827E62}.Release|Any CPU.Build.0 = Release|Any CPU
		{E2FCAEC1-7C9C-4806-8BD9-3656E4C3B920}.Debug|Any CPU.ActiveCfg = Debug|Any CPU
		{E2FCAEC1-7C9C-4806-8BD9-3656E4C3B920}.Debug|Any CPU.Build.0 = Debug|Any CPU
		{E2FCAEC1-7C9C-4806-8BD9-3656E4C3B920}.Release|Any CPU.ActiveCfg = Release|Any CPU
		{E2FCAEC1-7C9C-4806-8BD9-3656E4C3B920}.Release|Any CPU.Build.0 = Release|Any CPU
		{9EA5587D-F4CA-442B-9292-25419D9E1E35}.Debug|Any CPU.ActiveCfg = Debug|Any CPU
		{9EA5587D-F4CA-442B-9292-25419D9E1E35}.Debug|Any CPU.Build.0 = Debug|Any CPU
		{9EA5587D-F4CA-442B-9292-25419D9E1E35}.Release|Any CPU.ActiveCfg = Release|Any CPU
		{9EA5587D-F4CA-442B-9292-25419D9E1E35}.Release|Any CPU.Build.0 = Release|Any CPU
		{925387E8-5905-4679-9A93-B1309F09F5B9}.Debug|Any CPU.ActiveCfg = Debug|Any CPU
		{925387E8-5905-4679-9A93-B1309F09F5B9}.Debug|Any CPU.Build.0 = Debug|Any CPU
		{925387E8-5905-4679-9A93-B1309F09F5B9}.Release|Any CPU.ActiveCfg = Release|Any CPU
		{925387E8-5905-4679-9A93-B1309F09F5B9}.Release|Any CPU.Build.0 = Release|Any CPU
		{DE852F84-2796-4D71-88F2-3F50F19CFE1D}.Debug|Any CPU.ActiveCfg = Debug|Any CPU
		{DE852F84-2796-4D71-88F2-3F50F19CFE1D}.Debug|Any CPU.Build.0 = Debug|Any CPU
		{DE852F84-2796-4D71-88F2-3F50F19CFE1D}.Release|Any CPU.ActiveCfg = Release|Any CPU
		{DE852F84-2796-4D71-88F2-3F50F19CFE1D}.Release|Any CPU.Build.0 = Release|Any CPU
		{FB2247E2-9E0B-4123-8DEE-CFBA06EBB5A6}.Debug|Any CPU.ActiveCfg = Debug|Any CPU
		{FB2247E2-9E0B-4123-8DEE-CFBA06EBB5A6}.Debug|Any CPU.Build.0 = Debug|Any CPU
		{FB2247E2-9E0B-4123-8DEE-CFBA06EBB5A6}.Release|Any CPU.ActiveCfg = Release|Any CPU
		{FB2247E2-9E0B-4123-8DEE-CFBA06EBB5A6}.Release|Any CPU.Build.0 = Release|Any CPU
		{21D05139-1FF5-4F03-8F15-50E75F2DB306}.Debug|Any CPU.ActiveCfg = Debug|Any CPU
		{21D05139-1FF5-4F03-8F15-50E75F2DB306}.Debug|Any CPU.Build.0 = Debug|Any CPU
		{21D05139-1FF5-4F03-8F15-50E75F2DB306}.Release|Any CPU.ActiveCfg = Release|Any CPU
		{21D05139-1FF5-4F03-8F15-50E75F2DB306}.Release|Any CPU.Build.0 = Release|Any CPU
		{4EDF1D8C-3E5D-4BDD-BDB5-4DEAECDA85E8}.Debug|Any CPU.ActiveCfg = Debug|Any CPU
		{4EDF1D8C-3E5D-4BDD-BDB5-4DEAECDA85E8}.Debug|Any CPU.Build.0 = Debug|Any CPU
		{4EDF1D8C-3E5D-4BDD-BDB5-4DEAECDA85E8}.Release|Any CPU.ActiveCfg = Release|Any CPU
		{4EDF1D8C-3E5D-4BDD-BDB5-4DEAECDA85E8}.Release|Any CPU.Build.0 = Release|Any CPU
		{FCA93846-A3B0-4E2B-94EB-95592557AA51}.Debug|Any CPU.ActiveCfg = Debug|Any CPU
		{FCA93846-A3B0-4E2B-94EB-95592557AA51}.Debug|Any CPU.Build.0 = Debug|Any CPU
		{FCA93846-A3B0-4E2B-94EB-95592557AA51}.Release|Any CPU.ActiveCfg = Release|Any CPU
		{FCA93846-A3B0-4E2B-94EB-95592557AA51}.Release|Any CPU.Build.0 = Release|Any CPU
		{2B728EDA-66DB-47B4-9C76-E6D86175D2B6}.Debug|Any CPU.ActiveCfg = Debug|Any CPU
		{2B728EDA-66DB-47B4-9C76-E6D86175D2B6}.Debug|Any CPU.Build.0 = Debug|Any CPU
		{2B728EDA-66DB-47B4-9C76-E6D86175D2B6}.Release|Any CPU.ActiveCfg = Release|Any CPU
		{2B728EDA-66DB-47B4-9C76-E6D86175D2B6}.Release|Any CPU.Build.0 = Release|Any CPU
		{E54FC751-4FB9-4CB1-8A2D-209623A2FAAF}.Debug|Any CPU.ActiveCfg = Debug|Any CPU
		{E54FC751-4FB9-4CB1-8A2D-209623A2FAAF}.Debug|Any CPU.Build.0 = Debug|Any CPU
		{E54FC751-4FB9-4CB1-8A2D-209623A2FAAF}.Release|Any CPU.ActiveCfg = Release|Any CPU
		{E54FC751-4FB9-4CB1-8A2D-209623A2FAAF}.Release|Any CPU.Build.0 = Release|Any CPU
		{4875703E-3C0F-4D4C-A0E6-F79717078746}.Debug|Any CPU.ActiveCfg = Debug|Any CPU
		{4875703E-3C0F-4D4C-A0E6-F79717078746}.Debug|Any CPU.Build.0 = Debug|Any CPU
		{4875703E-3C0F-4D4C-A0E6-F79717078746}.Release|Any CPU.ActiveCfg = Release|Any CPU
		{4875703E-3C0F-4D4C-A0E6-F79717078746}.Release|Any CPU.Build.0 = Release|Any CPU
		{D4392F70-D6CB-4766-B9CF-CD6C4066AA54}.Debug|Any CPU.ActiveCfg = Debug|Any CPU
		{D4392F70-D6CB-4766-B9CF-CD6C4066AA54}.Debug|Any CPU.Build.0 = Debug|Any CPU
		{D4392F70-D6CB-4766-B9CF-CD6C4066AA54}.Release|Any CPU.ActiveCfg = Release|Any CPU
		{D4392F70-D6CB-4766-B9CF-CD6C4066AA54}.Release|Any CPU.Build.0 = Release|Any CPU
		{35927861-A08F-4437-AE03-9414979F0D96}.Debug|Any CPU.ActiveCfg = Debug|Any CPU
		{35927861-A08F-4437-AE03-9414979F0D96}.Debug|Any CPU.Build.0 = Debug|Any CPU
		{35927861-A08F-4437-AE03-9414979F0D96}.Release|Any CPU.ActiveCfg = Release|Any CPU
		{35927861-A08F-4437-AE03-9414979F0D96}.Release|Any CPU.Build.0 = Release|Any CPU
		{86DC689B-3604-4CC3-A25D-EA2527E95896}.Debug|Any CPU.ActiveCfg = Debug|Any CPU
		{86DC689B-3604-4CC3-A25D-EA2527E95896}.Debug|Any CPU.Build.0 = Debug|Any CPU
		{86DC689B-3604-4CC3-A25D-EA2527E95896}.Release|Any CPU.ActiveCfg = Release|Any CPU
		{86DC689B-3604-4CC3-A25D-EA2527E95896}.Release|Any CPU.Build.0 = Release|Any CPU
		{7B875B09-CDCD-4865-95DA-9EFBF5BEE02D}.Debug|Any CPU.ActiveCfg = Debug|Any CPU
		{7B875B09-CDCD-4865-95DA-9EFBF5BEE02D}.Debug|Any CPU.Build.0 = Debug|Any CPU
		{7B875B09-CDCD-4865-95DA-9EFBF5BEE02D}.Release|Any CPU.ActiveCfg = Release|Any CPU
		{7B875B09-CDCD-4865-95DA-9EFBF5BEE02D}.Release|Any CPU.Build.0 = Release|Any CPU
		{5FAF836B-ADAF-444E-807F-2111AD8E3A14}.Debug|Any CPU.ActiveCfg = Debug|Any CPU
		{5FAF836B-ADAF-444E-807F-2111AD8E3A14}.Debug|Any CPU.Build.0 = Debug|Any CPU
		{5FAF836B-ADAF-444E-807F-2111AD8E3A14}.Release|Any CPU.ActiveCfg = Release|Any CPU
		{5FAF836B-ADAF-444E-807F-2111AD8E3A14}.Release|Any CPU.Build.0 = Release|Any CPU
		{BB72CCA6-D050-4292-BCF4-E9F28F13548A}.Debug|Any CPU.ActiveCfg = Debug|Any CPU
		{BB72CCA6-D050-4292-BCF4-E9F28F13548A}.Debug|Any CPU.Build.0 = Debug|Any CPU
		{BB72CCA6-D050-4292-BCF4-E9F28F13548A}.Release|Any CPU.ActiveCfg = Release|Any CPU
		{BB72CCA6-D050-4292-BCF4-E9F28F13548A}.Release|Any CPU.Build.0 = Release|Any CPU
		{A0F837AD-56EB-4A8A-87C5-41655FE1ADCE}.Debug|Any CPU.ActiveCfg = Debug|Any CPU
		{A0F837AD-56EB-4A8A-87C5-41655FE1ADCE}.Debug|Any CPU.Build.0 = Debug|Any CPU
		{A0F837AD-56EB-4A8A-87C5-41655FE1ADCE}.Release|Any CPU.ActiveCfg = Release|Any CPU
		{A0F837AD-56EB-4A8A-87C5-41655FE1ADCE}.Release|Any CPU.Build.0 = Release|Any CPU
	EndGlobalSection
	GlobalSection(SolutionProperties) = preSolution
		HideSolutionNode = FALSE
	EndGlobalSection
	GlobalSection(NestedProjects) = preSolution
		{7D24FD58-4042-4AF0-8613-BEE776A1526B} = {F1AF5A55-AB82-4DD6-985D-9D7296D3F623}
		{D6859790-5ECE-4A49-96F5-799B279E5216} = {F1AF5A55-AB82-4DD6-985D-9D7296D3F623}
		{7C368420-72C1-4B92-B0BA-DF141D950900} = {F1AF5A55-AB82-4DD6-985D-9D7296D3F623}
		{22DBE52E-D3FD-462C-965A-B75874387EEF} = {7D24FD58-4042-4AF0-8613-BEE776A1526B}
		{EA45B280-7108-4B17-8A2D-86235CFDA524} = {7D24FD58-4042-4AF0-8613-BEE776A1526B}
		{607B8A51-71BA-4D2F-9D16-06EADE854F5B} = {D6859790-5ECE-4A49-96F5-799B279E5216}
		{A08FE274-FAAB-4C98-942F-342F1F432D5C} = {D6859790-5ECE-4A49-96F5-799B279E5216}
		{D51BD029-D1D9-43A4-9FE7-D46094D35125} = {7C368420-72C1-4B92-B0BA-DF141D950900}
		{C13A3A43-F6AC-4B05-975D-032590BD9289} = {7C368420-72C1-4B92-B0BA-DF141D950900}
		{7A77C0C0-0EF7-46DC-8E89-F49F1DFC4147} = {363756DC-94AF-4BE2-AABE-48BB52976204}
		{D9BC945A-B17D-4BB7-9EC3-2464D1093239} = {22DBE52E-D3FD-462C-965A-B75874387EEF}
		{38A9A849-AA1F-4694-8074-ED28913CB27A} = {EA45B280-7108-4B17-8A2D-86235CFDA524}
		{574F397B-5AA7-4A91-8D32-216BE9D44DC1} = {607B8A51-71BA-4D2F-9D16-06EADE854F5B}
		{ED1C4788-C52F-476A-944A-912B56827E62} = {A08FE274-FAAB-4C98-942F-342F1F432D5C}
		{E2FCAEC1-7C9C-4806-8BD9-3656E4C3B920} = {D51BD029-D1D9-43A4-9FE7-D46094D35125}
		{9EA5587D-F4CA-442B-9292-25419D9E1E35} = {C13A3A43-F6AC-4B05-975D-032590BD9289}
		{925387E8-5905-4679-9A93-B1309F09F5B9} = {EA45B280-7108-4B17-8A2D-86235CFDA524}
		{DE852F84-2796-4D71-88F2-3F50F19CFE1D} = {A08FE274-FAAB-4C98-942F-342F1F432D5C}
		{FB2247E2-9E0B-4123-8DEE-CFBA06EBB5A6} = {C13A3A43-F6AC-4B05-975D-032590BD9289}
		{21D05139-1FF5-4F03-8F15-50E75F2DB306} = {607B8A51-71BA-4D2F-9D16-06EADE854F5B}
		{2B5E90D6-7CF7-4A0E-87EA-415726FEB7AA} = {F1AF5A55-AB82-4DD6-985D-9D7296D3F623}
		{4EDF1D8C-3E5D-4BDD-BDB5-4DEAECDA85E8} = {2B5E90D6-7CF7-4A0E-87EA-415726FEB7AA}
		{3219E7C3-B0D8-45AA-A578-0D9AC0B13596} = {EA45B280-7108-4B17-8A2D-86235CFDA524}
		{F815437E-14B0-44F1-94D1-6BBCC85CEA03} = {A08FE274-FAAB-4C98-942F-342F1F432D5C}
		{344E6685-F3B3-4E36-B7A8-EC7008CFDEC8} = {C13A3A43-F6AC-4B05-975D-032590BD9289}
		{BD7819D0-4040-4CB2-8AFE-32C54961CB83} = {2B5E90D6-7CF7-4A0E-87EA-415726FEB7AA}
		{1137C1AA-8EB8-4EDE-BF8B-D0C0DAD673C5} = {F1AF5A55-AB82-4DD6-985D-9D7296D3F623}
		{2B728EDA-66DB-47B4-9C76-E6D86175D2B6} = {A08FE274-FAAB-4C98-942F-342F1F432D5C}
		{E54FC751-4FB9-4CB1-8A2D-209623A2FAAF} = {EA45B280-7108-4B17-8A2D-86235CFDA524}
		{4875703E-3C0F-4D4C-A0E6-F79717078746} = {C13A3A43-F6AC-4B05-975D-032590BD9289}
		{D4392F70-D6CB-4766-B9CF-CD6C4066AA54} = {607B8A51-71BA-4D2F-9D16-06EADE854F5B}
		{35927861-A08F-4437-AE03-9414979F0D96} = {607B8A51-71BA-4D2F-9D16-06EADE854F5B}
		{86DC689B-3604-4CC3-A25D-EA2527E95896} = {344E6685-F3B3-4E36-B7A8-EC7008CFDEC8}
		{7B875B09-CDCD-4865-95DA-9EFBF5BEE02D} = {1137C1AA-8EB8-4EDE-BF8B-D0C0DAD673C5}
		{5FAF836B-ADAF-444E-807F-2111AD8E3A14} = {BD7819D0-4040-4CB2-8AFE-32C54961CB83}
		{BB72CCA6-D050-4292-BCF4-E9F28F13548A} = {F815437E-14B0-44F1-94D1-6BBCC85CEA03}
		{A0F837AD-56EB-4A8A-87C5-41655FE1ADCE} = {3219E7C3-B0D8-45AA-A578-0D9AC0B13596}
	EndGlobalSection
	GlobalSection(ExtensibilityGlobals) = postSolution
		SolutionGuid = {EE284705-3E9D-4A5B-B162-0AFAEC4044B7}
	EndGlobalSection
EndGlobal
